
Microsoft Visual Studio Solution File, Format Version 12.00
# Visual Studio Version 17
VisualStudioVersion = 17.8.34316.72
MinimumVisualStudioVersion = 10.0.40219.1
Project("{9A19103F-16F7-4668-BE54-9A1E7A4F7556}") = "Afk.Measure", "Afk.Measure\Afk.Measure.csproj", "{38E305F8-DA49-4176-918B-3B194E0A6110}"
EndProject
Project("{FAE04EC0-301F-11D3-BF4B-00C04F79EFBC}") = "Afk.Measure.Tests", "Afk.Measure.Tests\Afk.Measure.Tests.csproj", "{1AED7E35-CBA7-45A2-B4A6-1AD506421C85}"
EndProject
Project("{FAE04EC0-301F-11D3-BF4B-00C04F79EFBC}") = "ConsoleTest", "ConsoleTest\ConsoleTest.csproj", "{049C0EAE-7461-42C1-AF4A-DAFC11572CC3}"
EndProject
Global
	GlobalSection(SolutionConfigurationPlatforms) = preSolution
		Debug|Any CPU = Debug|Any CPU
		Release|Any CPU = Release|Any CPU
	EndGlobalSection
	GlobalSection(ProjectConfigurationPlatforms) = postSolution
		{38E305F8-DA49-4176-918B-3B194E0A6110}.Debug|Any CPU.ActiveCfg = Debug|Any CPU
		{38E305F8-DA49-4176-918B-3B194E0A6110}.Debug|Any CPU.Build.0 = Debug|Any CPU
		{38E305F8-DA49-4176-918B-3B194E0A6110}.Release|Any CPU.ActiveCfg = Release|Any CPU
		{38E305F8-DA49-4176-918B-3B194E0A6110}.Release|Any CPU.Build.0 = Release|Any CPU
		{1AED7E35-CBA7-45A2-B4A6-1AD506421C85}.Debug|Any CPU.ActiveCfg = Debug|Any CPU
		{1AED7E35-CBA7-45A2-B4A6-1AD506421C85}.Debug|Any CPU.Build.0 = Debug|Any CPU
		{1AED7E35-CBA7-45A2-B4A6-1AD506421C85}.Release|Any CPU.ActiveCfg = Release|Any CPU
		{1AED7E35-CBA7-45A2-B4A6-1AD506421C85}.Release|Any CPU.Build.0 = Release|Any CPU
		{049C0EAE-7461-42C1-AF4A-DAFC11572CC3}.Debug|Any CPU.ActiveCfg = Debug|Any CPU
		{049C0EAE-7461-42C1-AF4A-DAFC11572CC3}.Debug|Any CPU.Build.0 = Debug|Any CPU
		{049C0EAE-7461-42C1-AF4A-DAFC11572CC3}.Release|Any CPU.ActiveCfg = Release|Any CPU
		{049C0EAE-7461-42C1-AF4A-DAFC11572CC3}.Release|Any CPU.Build.0 = Release|Any CPU
	EndGlobalSection
	GlobalSection(SolutionProperties) = preSolution
		HideSolutionNode = FALSE
	EndGlobalSection
	GlobalSection(ExtensibilityGlobals) = postSolution
		SolutionGuid = {17C3BE37-D47D-423D-B3C8-358A01335510}
	EndGlobalSection
EndGlobal
